// !$*UTF8*$!
{
	archiveVersion = 1;
	classes = {
	};
	objectVersion = 46;
	objects = {

/* Begin PBXBuildFile section */
		D0E39E96207C67FA00BC1890 /* HINetworkTool.m in Sources */ = {isa = PBXBuildFile; fileRef = D0E39E95207C67FA00BC1890 /* HINetworkTool.m */; };
		D0E39E9A207C80FD00BC1890 /* HIObject.m in Sources */ = {isa = PBXBuildFile; fileRef = D0E39E99207C80FD00BC1890 /* HIObject.m */; };
		D0E39E9E207C83F400BC1890 /* HIOperation.m in Sources */ = {isa = PBXBuildFile; fileRef = D0E39E9C207C83F300BC1890 /* HIOperation.m */; };
		D0E39EA1207C8A8A00BC1890 /* HIDataBase.m in Sources */ = {isa = PBXBuildFile; fileRef = D0E39EA0207C8A8A00BC1890 /* HIDataBase.m */; };
		D0F3B1EC1D421907008E5169 /* main.m in Sources */ = {isa = PBXBuildFile; fileRef = D0F3B1EB1D421907008E5169 /* main.m */; };
		D0F3B1EF1D421907008E5169 /* AppDelegate.m in Sources */ = {isa = PBXBuildFile; fileRef = D0F3B1EE1D421907008E5169 /* AppDelegate.m */; };
		D0F3B1F21D421907008E5169 /* ViewController.m in Sources */ = {isa = PBXBuildFile; fileRef = D0F3B1F11D421907008E5169 /* ViewController.m */; };
		D0F3B1F51D421907008E5169 /* Main.storyboard in Resources */ = {isa = PBXBuildFile; fileRef = D0F3B1F31D421907008E5169 /* Main.storyboard */; };
		D0F3B1F71D421907008E5169 /* Assets.xcassets in Resources */ = {isa = PBXBuildFile; fileRef = D0F3B1F61D421907008E5169 /* Assets.xcassets */; };
		D0F3B1FA1D421907008E5169 /* LaunchScreen.storyboard in Resources */ = {isa = PBXBuildFile; fileRef = D0F3B1F81D421907008E5169 /* LaunchScreen.storyboard */; };
		D0F3B2021D421A53008E5169 /* HTML.plist in Resources */ = {isa = PBXBuildFile; fileRef = D0F3B2011D421A53008E5169 /* HTML.plist */; };
		D0F3B2051D4224D7008E5169 /* HIMainController.m in Sources */ = {isa = PBXBuildFile; fileRef = D0F3B2041D4224D7008E5169 /* HIMainController.m */; };
		D0F3B2081D424359008E5169 /* HISizeModel.m in Sources */ = {isa = PBXBuildFile; fileRef = D0F3B2071D424359008E5169 /* HISizeModel.m */; };
		D0F3B20C1D4348AE008E5169 /* 1.png in Resources */ = {isa = PBXBuildFile; fileRef = D0F3B2091D4348AE008E5169 /* 1.png */; };
		D0F3B20D1D4348AE008E5169 /* 2.png in Resources */ = {isa = PBXBuildFile; fileRef = D0F3B20A1D4348AE008E5169 /* 2.png */; };
		D0F3B20E1D4348AE008E5169 /* 3.png in Resources */ = {isa = PBXBuildFile; fileRef = D0F3B20B1D4348AE008E5169 /* 3.png */; };
		D79E6897207BB75800104A1D /* HIEditController.m in Sources */ = {isa = PBXBuildFile; fileRef = D79E6896207BB75800104A1D /* HIEditController.m */; };
		D79E689A207BBA4B00104A1D /* HIBaseController.m in Sources */ = {isa = PBXBuildFile; fileRef = D79E6899207BBA4B00104A1D /* HIBaseController.m */; };
		D79E689D207BBAAC00104A1D /* HIShowController.m in Sources */ = {isa = PBXBuildFile; fileRef = D79E689C207BBAAC00104A1D /* HIShowController.m */; };
/* End PBXBuildFile section */

/* Begin PBXFileReference section */
		D0E39E94207C67FA00BC1890 /* HINetworkTool.h */ = {isa = PBXFileReference; lastKnownFileType = sourcecode.c.h; path = HINetworkTool.h; sourceTree = "<group>"; };
		D0E39E95207C67FA00BC1890 /* HINetworkTool.m */ = {isa = PBXFileReference; lastKnownFileType = sourcecode.c.objc; path = HINetworkTool.m; sourceTree = "<group>"; };
		D0E39E98207C80FD00BC1890 /* HIObject.h */ = {isa = PBXFileReference; lastKnownFileType = sourcecode.c.h; path = HIObject.h; sourceTree = "<group>"; };
		D0E39E99207C80FD00BC1890 /* HIObject.m */ = {isa = PBXFileReference; lastKnownFileType = sourcecode.c.objc; path = HIObject.m; sourceTree = "<group>"; };
		D0E39E9C207C83F300BC1890 /* HIOperation.m */ = {isa = PBXFileReference; fileEncoding = 4; lastKnownFileType = sourcecode.c.objc; path = HIOperation.m; sourceTree = "<group>"; };
		D0E39E9D207C83F300BC1890 /* HIOperation.h */ = {isa = PBXFileReference; fileEncoding = 4; lastKnownFileType = sourcecode.c.h; path = HIOperation.h; sourceTree = "<group>"; };
		D0E39E9F207C8A8A00BC1890 /* HIDataBase.h */ = {isa = PBXFileReference; lastKnownFileType = sourcecode.c.h; path = HIDataBase.h; sourceTree = "<group>"; };
		D0E39EA0207C8A8A00BC1890 /* HIDataBase.m */ = {isa = PBXFileReference; lastKnownFileType = sourcecode.c.objc; path = HIDataBase.m; sourceTree = "<group>"; };
		D0F3B1E71D421907008E5169 /* HIHTMLEditTest.app */ = {isa = PBXFileReference; explicitFileType = wrapper.application; includeInIndex = 0; path = HIHTMLEditTest.app; sourceTree = BUILT_PRODUCTS_DIR; };
		D0F3B1EB1D421907008E5169 /* main.m */ = {isa = PBXFileReference; lastKnownFileType = sourcecode.c.objc; path = main.m; sourceTree = "<group>"; };
		D0F3B1ED1D421907008E5169 /* AppDelegate.h */ = {isa = PBXFileReference; lastKnownFileType = sourcecode.c.h; path = AppDelegate.h; sourceTree = "<group>"; };
		D0F3B1EE1D421907008E5169 /* AppDelegate.m */ = {isa = PBXFileReference; lastKnownFileType = sourcecode.c.objc; path = AppDelegate.m; sourceTree = "<group>"; };
		D0F3B1F01D421907008E5169 /* ViewController.h */ = {isa = PBXFileReference; lastKnownFileType = sourcecode.c.h; path = ViewController.h; sourceTree = "<group>"; };
		D0F3B1F11D421907008E5169 /* ViewController.m */ = {isa = PBXFileReference; lastKnownFileType = sourcecode.c.objc; path = ViewController.m; sourceTree = "<group>"; };
		D0F3B1F41D421907008E5169 /* Base */ = {isa = PBXFileReference; lastKnownFileType = file.storyboard; name = Base; path = Base.lproj/Main.storyboard; sourceTree = "<group>"; };
		D0F3B1F61D421907008E5169 /* Assets.xcassets */ = {isa = PBXFileReference; lastKnownFileType = folder.assetcatalog; path = Assets.xcassets; sourceTree = "<group>"; };
		D0F3B1F91D421907008E5169 /* Base */ = {isa = PBXFileReference; lastKnownFileType = file.storyboard; name = Base; path = Base.lproj/LaunchScreen.storyboard; sourceTree = "<group>"; };
		D0F3B1FB1D421907008E5169 /* Info.plist */ = {isa = PBXFileReference; lastKnownFileType = text.plist.xml; path = Info.plist; sourceTree = "<group>"; };
		D0F3B2011D421A53008E5169 /* HTML.plist */ = {isa = PBXFileReference; fileEncoding = 4; lastKnownFileType = text.plist.xml; path = HTML.plist; sourceTree = "<group>"; };
		D0F3B2031D4224D7008E5169 /* HIMainController.h */ = {isa = PBXFileReference; fileEncoding = 4; lastKnownFileType = sourcecode.c.h; path = HIMainController.h; sourceTree = "<group>"; };
		D0F3B2041D4224D7008E5169 /* HIMainController.m */ = {isa = PBXFileReference; fileEncoding = 4; lastKnownFileType = sourcecode.c.objc; path = HIMainController.m; sourceTree = "<group>"; };
		D0F3B2061D424359008E5169 /* HISizeModel.h */ = {isa = PBXFileReference; fileEncoding = 4; lastKnownFileType = sourcecode.c.h; path = HISizeModel.h; sourceTree = "<group>"; };
		D0F3B2071D424359008E5169 /* HISizeModel.m */ = {isa = PBXFileReference; fileEncoding = 4; lastKnownFileType = sourcecode.c.objc; path = HISizeModel.m; sourceTree = "<group>"; };
		D0F3B2091D4348AE008E5169 /* 1.png */ = {isa = PBXFileReference; lastKnownFileType = image.png; path = 1.png; sourceTree = "<group>"; };
		D0F3B20A1D4348AE008E5169 /* 2.png */ = {isa = PBXFileReference; lastKnownFileType = image.png; path = 2.png; sourceTree = "<group>"; };
		D0F3B20B1D4348AE008E5169 /* 3.png */ = {isa = PBXFileReference; lastKnownFileType = image.png; path = 3.png; sourceTree = "<group>"; };
		D79E6895207BB75800104A1D /* HIEditController.h */ = {isa = PBXFileReference; lastKnownFileType = sourcecode.c.h; path = HIEditController.h; sourceTree = "<group>"; };
		D79E6896207BB75800104A1D /* HIEditController.m */ = {isa = PBXFileReference; lastKnownFileType = sourcecode.c.objc; path = HIEditController.m; sourceTree = "<group>"; };
		D79E6898207BBA4B00104A1D /* HIBaseController.h */ = {isa = PBXFileReference; lastKnownFileType = sourcecode.c.h; path = HIBaseController.h; sourceTree = "<group>"; };
		D79E6899207BBA4B00104A1D /* HIBaseController.m */ = {isa = PBXFileReference; lastKnownFileType = sourcecode.c.objc; path = HIBaseController.m; sourceTree = "<group>"; };
		D79E689B207BBAAC00104A1D /* HIShowController.h */ = {isa = PBXFileReference; lastKnownFileType = sourcecode.c.h; path = HIShowController.h; sourceTree = "<group>"; };
		D79E689C207BBAAC00104A1D /* HIShowController.m */ = {isa = PBXFileReference; lastKnownFileType = sourcecode.c.objc; path = HIShowController.m; sourceTree = "<group>"; };
/* End PBXFileReference section */

/* Begin PBXFrameworksBuildPhase section */
		D0F3B1E41D421906008E5169 /* Frameworks */ = {
			isa = PBXFrameworksBuildPhase;
			buildActionMask = 2147483647;
			files = (
			);
			runOnlyForDeploymentPostprocessing = 0;
		};
/* End PBXFrameworksBuildPhase section */

/* Begin PBXGroup section */
		D0E39E93207C67D900BC1890 /* tool */ = {
			isa = PBXGroup;
			children = (
				D0E39E9B207C83F300BC1890 /* HIOperation */,
				D0E39E97207C681B00BC1890 /* network */,
				D0E39E9F207C8A8A00BC1890 /* HIDataBase.h */,
				D0E39EA0207C8A8A00BC1890 /* HIDataBase.m */,
			);
			path = tool;
			sourceTree = "<group>";
		};
		D0E39E97207C681B00BC1890 /* network */ = {
			isa = PBXGroup;
			children = (
				D0E39E94207C67FA00BC1890 /* HINetworkTool.h */,
				D0E39E95207C67FA00BC1890 /* HINetworkTool.m */,
			);
			path = network;
			sourceTree = "<group>";
		};
		D0E39E9B207C83F300BC1890 /* HIOperation */ = {
			isa = PBXGroup;
			children = (
				D0E39E9D207C83F300BC1890 /* HIOperation.h */,
				D0E39E9C207C83F300BC1890 /* HIOperation.m */,
			);
			path = HIOperation;
			sourceTree = "<group>";
		};
		D0F3B1DE1D421906008E5169 = {
			isa = PBXGroup;
			children = (
				D0F3B1E91D421907008E5169 /* HIHTMLEditTest */,
				D0F3B1E81D421907008E5169 /* Products */,
			);
			sourceTree = "<group>";
		};
		D0F3B1E81D421907008E5169 /* Products */ = {
			isa = PBXGroup;
			children = (
				D0F3B1E71D421907008E5169 /* HIHTMLEditTest.app */,
			);
			name = Products;
			sourceTree = "<group>";
		};
		D0F3B1E91D421907008E5169 /* HIHTMLEditTest */ = {
			isa = PBXGroup;
			children = (
				D79E689E207BBC4600104A1D /* classes */,
				D0F3B2011D421A53008E5169 /* HTML.plist */,
				D0F3B1F31D421907008E5169 /* Main.storyboard */,
				D0F3B1F61D421907008E5169 /* Assets.xcassets */,
				D0F3B1F81D421907008E5169 /* LaunchScreen.storyboard */,
				D0F3B1FB1D421907008E5169 /* Info.plist */,
				D0F3B1EA1D421907008E5169 /* Supporting Files */,
			);
			path = HIHTMLEditTest;
			sourceTree = "<group>";
		};
		D0F3B1EA1D421907008E5169 /* Supporting Files */ = {
			isa = PBXGroup;
			children = (
				D0F3B2091D4348AE008E5169 /* 1.png */,
				D0F3B20A1D4348AE008E5169 /* 2.png */,
				D0F3B20B1D4348AE008E5169 /* 3.png */,
				D0F3B1EB1D421907008E5169 /* main.m */,
			);
			name = "Supporting Files";
			sourceTree = "<group>";
		};
		D79E689E207BBC4600104A1D /* classes */ = {
			isa = PBXGroup;
			children = (
				D0E39E93207C67D900BC1890 /* tool */,
				D79E689F207BBC9500104A1D /* main */,
			);
			path = classes;
			sourceTree = "<group>";
		};
		D79E689F207BBC9500104A1D /* main */ = {
			isa = PBXGroup;
			children = (
				D0F3B1ED1D421907008E5169 /* AppDelegate.h */,
				D0F3B1EE1D421907008E5169 /* AppDelegate.m */,
				D79E68A0207BBCB100104A1D /* controller */,
				D79E68A1207BBCBA00104A1D /* model */,
			);
			path = main;
			sourceTree = "<group>";
		};
		D79E68A0207BBCB100104A1D /* controller */ = {
			isa = PBXGroup;
			children = (
				D79E6898207BBA4B00104A1D /* HIBaseController.h */,
				D79E6899207BBA4B00104A1D /* HIBaseController.m */,
				D0F3B2031D4224D7008E5169 /* HIMainController.h */,
				D0F3B2041D4224D7008E5169 /* HIMainController.m */,
				D79E6895207BB75800104A1D /* HIEditController.h */,
				D79E6896207BB75800104A1D /* HIEditController.m */,
				D79E689B207BBAAC00104A1D /* HIShowController.h */,
				D79E689C207BBAAC00104A1D /* HIShowController.m */,
				D0F3B1F01D421907008E5169 /* ViewController.h */,
				D0F3B1F11D421907008E5169 /* ViewController.m */,
			);
			path = controller;
			sourceTree = "<group>";
		};
		D79E68A1207BBCBA00104A1D /* model */ = {
			isa = PBXGroup;
			children = (
				D0F3B2061D424359008E5169 /* HISizeModel.h */,
				D0F3B2071D424359008E5169 /* HISizeModel.m */,
				D0E39E98207C80FD00BC1890 /* HIObject.h */,
				D0E39E99207C80FD00BC1890 /* HIObject.m */,
			);
			path = model;
			sourceTree = "<group>";
		};
/* End PBXGroup section */

/* Begin PBXNativeTarget section */
		D0F3B1E61D421906008E5169 /* HIHTMLEditTest */ = {
			isa = PBXNativeTarget;
			buildConfigurationList = D0F3B1FE1D421907008E5169 /* Build configuration list for PBXNativeTarget "HIHTMLEditTest" */;
			buildPhases = (
				D0F3B1E31D421906008E5169 /* Sources */,
				D0F3B1E41D421906008E5169 /* Frameworks */,
				D0F3B1E51D421906008E5169 /* Resources */,
			);
			buildRules = (
			);
			dependencies = (
			);
			name = HIHTMLEditTest;
			productName = HIHTMLEditTest;
			productReference = D0F3B1E71D421907008E5169 /* HIHTMLEditTest.app */;
			productType = "com.apple.product-type.application";
		};
/* End PBXNativeTarget section */

/* Begin PBXProject section */
		D0F3B1DF1D421906008E5169 /* Project object */ = {
			isa = PBXProject;
			attributes = {
				CLASSPREFIX = HI;
				LastUpgradeCheck = 0730;
				ORGANIZATIONNAME = chenhannan;
				TargetAttributes = {
					D0F3B1E61D421906008E5169 = {
						CreatedOnToolsVersion = 7.3;
					};
				};
			};
			buildConfigurationList = D0F3B1E21D421906008E5169 /* Build configuration list for PBXProject "HIHTMLEditTest" */;
			compatibilityVersion = "Xcode 3.2";
			developmentRegion = English;
			hasScannedForEncodings = 0;
			knownRegions = (
				en,
				Base,
			);
			mainGroup = D0F3B1DE1D421906008E5169;
			productRefGroup = D0F3B1E81D421907008E5169 /* Products */;
			projectDirPath = "";
			projectRoot = "";
			targets = (
				D0F3B1E61D421906008E5169 /* HIHTMLEditTest */,
			);
		};
/* End PBXProject section */

/* Begin PBXResourcesBuildPhase section */
		D0F3B1E51D421906008E5169 /* Resources */ = {
			isa = PBXResourcesBuildPhase;
			buildActionMask = 2147483647;
			files = (
				D0F3B20D1D4348AE008E5169 /* 2.png in Resources */,
				D0F3B1FA1D421907008E5169 /* LaunchScreen.storyboard in Resources */,
				D0F3B2021D421A53008E5169 /* HTML.plist in Resources */,
				D0F3B1F71D421907008E5169 /* Assets.xcassets in Resources */,
				D0F3B1F51D421907008E5169 /* Main.storyboard in Resources */,
				D0F3B20E1D4348AE008E5169 /* 3.png in Resources */,
				D0F3B20C1D4348AE008E5169 /* 1.png in Resources */,
			);
			runOnlyForDeploymentPostprocessing = 0;
		};
/* End PBXResourcesBuildPhase section */

/* Begin PBXSourcesBuildPhase section */
		D0F3B1E31D421906008E5169 /* Sources */ = {
			isa = PBXSourcesBuildPhase;
			buildActionMask = 2147483647;
			files = (
				D79E689D207BBAAC00104A1D /* HIShowController.m in Sources */,
				D79E689A207BBA4B00104A1D /* HIBaseController.m in Sources */,
				D0E39E96207C67FA00BC1890 /* HINetworkTool.m in Sources */,
				D79E6897207BB75800104A1D /* HIEditController.m in Sources */,
				D0F3B1F21D421907008E5169 /* ViewController.m in Sources */,
				D0E39E9A207C80FD00BC1890 /* HIObject.m in Sources */,
				D0E39E9E207C83F400BC1890 /* HIOperation.m in Sources */,
				D0F3B1EF1D421907008E5169 /* AppDelegate.m in Sources */,
				D0F3B2081D424359008E5169 /* HISizeModel.m in Sources */,
				D0E39EA1207C8A8A00BC1890 /* HIDataBase.m in Sources */,
				D0F3B1EC1D421907008E5169 /* main.m in Sources */,
				D0F3B2051D4224D7008E5169 /* HIMainController.m in Sources */,
			);
			runOnlyForDeploymentPostprocessing = 0;
		};
/* End PBXSourcesBuildPhase section */

/* Begin PBXVariantGroup section */
		D0F3B1F31D421907008E5169 /* Main.storyboard */ = {
			isa = PBXVariantGroup;
			children = (
				D0F3B1F41D421907008E5169 /* Base */,
			);
			name = Main.storyboard;
			sourceTree = "<group>";
		};
		D0F3B1F81D421907008E5169 /* LaunchScreen.storyboard */ = {
			isa = PBXVariantGroup;
			children = (
				D0F3B1F91D421907008E5169 /* Base */,
			);
			name = LaunchScreen.storyboard;
			sourceTree = "<group>";
		};
/* End PBXVariantGroup section */

/* Begin XCBuildConfiguration section */
		D0F3B1FC1D421907008E5169 /* Debug */ = {
			isa = XCBuildConfiguration;
			buildSettings = {
				ALWAYS_SEARCH_USER_PATHS = NO;
				CLANG_ANALYZER_NONNULL = YES;
				CLANG_CXX_LANGUAGE_STANDARD = "gnu++0x";
				CLANG_CXX_LIBRARY = "libc++";
				CLANG_ENABLE_MODULES = YES;
				CLANG_ENABLE_OBJC_ARC = YES;
				CLANG_WARN_BOOL_CONVERSION = YES;
				CLANG_WARN_CONSTANT_CONVERSION = YES;
				CLANG_WARN_DIRECT_OBJC_ISA_USAGE = YES_ERROR;
				CLANG_WARN_EMPTY_BODY = YES;
				CLANG_WARN_ENUM_CONVERSION = YES;
				CLANG_WARN_INT_CONVERSION = YES;
				CLANG_WARN_OBJC_ROOT_CLASS = YES_ERROR;
				CLANG_WARN_UNREACHABLE_CODE = YES;
				CLANG_WARN__DUPLICATE_METHOD_MATCH = YES;
				"CODE_SIGN_IDENTITY[sdk=iphoneos*]" = "iPhone Developer";
				COPY_PHASE_STRIP = NO;
				DEBUG_INFORMATION_FORMAT = dwarf;
				ENABLE_STRICT_OBJC_MSGSEND = YES;
				ENABLE_TESTABILITY = YES;
				GCC_C_LANGUAGE_STANDARD = gnu99;
				GCC_DYNAMIC_NO_PIC = NO;
				GCC_NO_COMMON_BLOCKS = YES;
				GCC_OPTIMIZATION_LEVEL = 0;
				GCC_PREPROCESSOR_DEFINITIONS = (
					"DEBUG=1",
					"$(inherited)",
				);
				GCC_WARN_64_TO_32_BIT_CONVERSION = YES;
				GCC_WARN_ABOUT_RETURN_TYPE = YES_ERROR;
				GCC_WARN_UNDECLARED_SELECTOR = YES;
				GCC_WARN_UNINITIALIZED_AUTOS = YES_AGGRESSIVE;
				GCC_WARN_UNUSED_FUNCTION = YES;
				GCC_WARN_UNUSED_VARIABLE = YES;
				IPHONEOS_DEPLOYMENT_TARGET = 9.3;
				MTL_ENABLE_DEBUG_INFO = YES;
				ONLY_ACTIVE_ARCH = YES;
				SDKROOT = iphoneos;
			};
			name = Debug;
		};
		D0F3B1FD1D421907008E5169 /* Release */ = {
			isa = XCBuildConfiguration;
			buildSettings = {
				ALWAYS_SEARCH_USER_PATHS = NO;
				CLANG_ANALYZER_NONNULL = YES;
				CLANG_CXX_LANGUAGE_STANDARD = "gnu++0x";
				CLANG_CXX_LIBRARY = "libc++";
				CLANG_ENABLE_MODULES = YES;
				CLANG_ENABLE_OBJC_ARC = YES;
				CLANG_WARN_BOOL_CONVERSION = YES;
				CLANG_WARN_CONSTANT_CONVERSION = YES;
				CLANG_WARN_DIRECT_OBJC_ISA_USAGE = YES_ERROR;
				CLANG_WARN_EMPTY_BODY = YES;
				CLANG_WARN_ENUM_CONVERSION = YES;
				CLANG_WARN_INT_CONVERSION = YES;
				CLANG_WARN_OBJC_ROOT_CLASS = YES_ERROR;
				CLANG_WARN_UNREACHABLE_CODE = YES;
				CLANG_WARN__DUPLICATE_METHOD_MATCH = YES;
				"CODE_SIGN_IDENTITY[sdk=iphoneos*]" = "iPhone Developer";
				COPY_PHASE_STRIP = NO;
				DEBUG_INFORMATION_FORMAT = "dwarf-with-dsym";
				ENABLE_NS_ASSERTIONS = NO;
				ENABLE_STRICT_OBJC_MSGSEND = YES;
				GCC_C_LANGUAGE_STANDARD = gnu99;
				GCC_NO_COMMON_BLOCKS = YES;
				GCC_WARN_64_TO_32_BIT_CONVERSION = YES;
				GCC_WARN_ABOUT_RETURN_TYPE = YES_ERROR;
				GCC_WARN_UNDECLARED_SELECTOR = YES;
				GCC_WARN_UNINITIALIZED_AUTOS = YES_AGGRESSIVE;
				GCC_WARN_UNUSED_FUNCTION = YES;
				GCC_WARN_UNUSED_VARIABLE = YES;
				IPHONEOS_DEPLOYMENT_TARGET = 9.3;
				MTL_ENABLE_DEBUG_INFO = NO;
				SDKROOT = iphoneos;
				VALIDATE_PRODUCT = YES;
			};
			name = Release;
		};
		D0F3B1FF1D421907008E5169 /* Debug */ = {
			isa = XCBuildConfiguration;
			buildSettings = {
				ASSETCATALOG_COMPILER_APPICON_NAME = AppIcon;
				INFOPLIST_FILE = HIHTMLEditTest/Info.plist;
				LD_RUNPATH_SEARCH_PATHS = "$(inherited) @executable_path/Frameworks";
				PRODUCT_BUNDLE_IDENTIFIER = HIChen.HIHTMLEditTest;
				PRODUCT_NAME = "$(TARGET_NAME)";
			};
			name = Debug;
		};
		D0F3B2001D421907008E5169 /* Release */ = {
			isa = XCBuildConfiguration;
			buildSettings = {
				ASSETCATALOG_COMPILER_APPICON_NAME = AppIcon;
				INFOPLIST_FILE = HIHTMLEditTest/Info.plist;
				LD_RUNPATH_SEARCH_PATHS = "$(inherited) @executable_path/Frameworks";
				PRODUCT_BUNDLE_IDENTIFIER = HIChen.HIHTMLEditTest;
				PRODUCT_NAME = "$(TARGET_NAME)";
			};
			name = Release;
		};
/* End XCBuildConfiguration section */

/* Begin XCConfigurationList section */
		D0F3B1E21D421906008E5169 /* Build configuration list for PBXProject "HIHTMLEditTest" */ = {
			isa = XCConfigurationList;
			buildConfigurations = (
				D0F3B1FC1D421907008E5169 /* Debug */,
				D0F3B1FD1D421907008E5169 /* Release */,
			);
			defaultConfigurationIsVisible = 0;
			defaultConfigurationName = Release;
		};
		D0F3B1FE1D421907008E5169 /* Build configuration list for PBXNativeTarget "HIHTMLEditTest" */ = {
			isa = XCConfigurationList;
			buildConfigurations = (
				D0F3B1FF1D421907008E5169 /* Debug */,
				D0F3B2001D421907008E5169 /* Release */,
			);
			defaultConfigurationIsVisible = 0;
			defaultConfigurationName = Release;
		};
/* End XCConfigurationList section */
	};
	rootObject = D0F3B1DF1D421906008E5169 /* Project object */;
}
